// !$*UTF8*$!
{
	archiveVersion = 1;
	classes = {
	};
	objectVersion = 56;
	objects = {

/* Begin PBXBuildFile section */
		5B93FFCD2B5C2C9C00527C63 /* MesajApp.swift in Sources */ = {isa = PBXBuildFile; fileRef = 5B93FFCC2B5C2C9C00527C63 /* MesajApp.swift */; };
		5B93FFCF2B5C2C9C00527C63 /* ContentView.swift in Sources */ = {isa = PBXBuildFile; fileRef = 5B93FFCE2B5C2C9C00527C63 /* ContentView.swift */; };
		5B93FFD12B5C2C9E00527C63 /* Assets.xcassets in Resources */ = {isa = PBXBuildFile; fileRef = 5B93FFD02B5C2C9E00527C63 /* Assets.xcassets */; };
		5B93FFD42B5C2C9E00527C63 /* Preview Assets.xcassets in Resources */ = {isa = PBXBuildFile; fileRef = 5B93FFD32B5C2C9E00527C63 /* Preview Assets.xcassets */; };
		5B93FFDB2B5C309800527C63 /* GoogleService-Info.plist in Resources */ = {isa = PBXBuildFile; fileRef = 5B93FFDA2B5C309800527C63 /* GoogleService-Info.plist */; };
		5B93FFDE2B5C33BE00527C63 /* FirebaseAnalytics in Frameworks */ = {isa = PBXBuildFile; productRef = 5B93FFDD2B5C33BE00527C63 /* FirebaseAnalytics */; };
		5B93FFE02B5C33BE00527C63 /* FirebaseAuth in Frameworks */ = {isa = PBXBuildFile; productRef = 5B93FFDF2B5C33BE00527C63 /* FirebaseAuth */; };
		5B93FFE22B5C33BE00527C63 /* FirebaseFirestoreSwift in Frameworks */ = {isa = PBXBuildFile; productRef = 5B93FFE12B5C33BE00527C63 /* FirebaseFirestoreSwift */; };
		5B93FFE42B5C33BE00527C63 /* FirebaseFunctions in Frameworks */ = {isa = PBXBuildFile; productRef = 5B93FFE32B5C33BE00527C63 /* FirebaseFunctions */; };
		5B93FFE62B5C33BE00527C63 /* FirebaseInAppMessaging-Beta in Frameworks */ = {isa = PBXBuildFile; productRef = 5B93FFE52B5C33BE00527C63 /* FirebaseInAppMessaging-Beta */; };
		5B93FFE82B5C33BE00527C63 /* FirebaseMessaging in Frameworks */ = {isa = PBXBuildFile; productRef = 5B93FFE72B5C33BE00527C63 /* FirebaseMessaging */; };
		5B93FFEA2B5C33BE00527C63 /* FirebaseStorage in Frameworks */ = {isa = PBXBuildFile; productRef = 5B93FFE92B5C33BE00527C63 /* FirebaseStorage */; };
		5B93FFF12B5C49BA00527C63 /* RegisterView.swift in Sources */ = {isa = PBXBuildFile; fileRef = 5B93FFF02B5C49BA00527C63 /* RegisterView.swift */; };
		5B93FFF32B5C49DB00527C63 /* LoginView.swift in Sources */ = {isa = PBXBuildFile; fileRef = 5B93FFF22B5C49DB00527C63 /* LoginView.swift */; };
		5B93FFF52B5C49FD00527C63 /* AuthPresenter.swift in Sources */ = {isa = PBXBuildFile; fileRef = 5B93FFF42B5C49FD00527C63 /* AuthPresenter.swift */; };
		5B93FFF72B5C4A1D00527C63 /* AuthInteractor.swift in Sources */ = {isa = PBXBuildFile; fileRef = 5B93FFF62B5C4A1D00527C63 /* AuthInteractor.swift */; };
		5B93FFF92B5C4A3900527C63 /* AuthRouter.swift in Sources */ = {isa = PBXBuildFile; fileRef = 5B93FFF82B5C4A3900527C63 /* AuthRouter.swift */; };
/* End PBXBuildFile section */

/* Begin PBXFileReference section */
		5B93FFC92B5C2C9C00527C63 /* Mesaj.app */ = {isa = PBXFileReference; explicitFileType = wrapper.application; includeInIndex = 0; path = Mesaj.app; sourceTree = BUILT_PRODUCTS_DIR; };
		5B93FFCC2B5C2C9C00527C63 /* MesajApp.swift */ = {isa = PBXFileReference; lastKnownFileType = sourcecode.swift; path = MesajApp.swift; sourceTree = "<group>"; };
		5B93FFCE2B5C2C9C00527C63 /* ContentView.swift */ = {isa = PBXFileReference; lastKnownFileType = sourcecode.swift; path = ContentView.swift; sourceTree = "<group>"; };
		5B93FFD02B5C2C9E00527C63 /* Assets.xcassets */ = {isa = PBXFileReference; lastKnownFileType = folder.assetcatalog; path = Assets.xcassets; sourceTree = "<group>"; };
		5B93FFD32B5C2C9E00527C63 /* Preview Assets.xcassets */ = {isa = PBXFileReference; lastKnownFileType = folder.assetcatalog; path = "Preview Assets.xcassets"; sourceTree = "<group>"; };
		5B93FFDA2B5C309800527C63 /* GoogleService-Info.plist */ = {isa = PBXFileReference; fileEncoding = 4; lastKnownFileType = text.plist.xml; path = "GoogleService-Info.plist"; sourceTree = "<group>"; };
		5B93FFF02B5C49BA00527C63 /* RegisterView.swift */ = {isa = PBXFileReference; lastKnownFileType = sourcecode.swift; path = RegisterView.swift; sourceTree = "<group>"; };
		5B93FFF22B5C49DB00527C63 /* LoginView.swift */ = {isa = PBXFileReference; lastKnownFileType = sourcecode.swift; path = LoginView.swift; sourceTree = "<group>"; };
		5B93FFF42B5C49FD00527C63 /* AuthPresenter.swift */ = {isa = PBXFileReference; lastKnownFileType = sourcecode.swift; path = AuthPresenter.swift; sourceTree = "<group>"; };
		5B93FFF62B5C4A1D00527C63 /* AuthInteractor.swift */ = {isa = PBXFileReference; lastKnownFileType = sourcecode.swift; path = AuthInteractor.swift; sourceTree = "<group>"; };
		5B93FFF82B5C4A3900527C63 /* AuthRouter.swift */ = {isa = PBXFileReference; lastKnownFileType = sourcecode.swift; path = AuthRouter.swift; sourceTree = "<group>"; };
/* End PBXFileReference section */

/* Begin PBXFrameworksBuildPhase section */
		5B93FFC62B5C2C9C00527C63 /* Frameworks */ = {
			isa = PBXFrameworksBuildPhase;
			buildActionMask = 2147483647;
			files = (
				5B93FFE82B5C33BE00527C63 /* FirebaseMessaging in Frameworks */,
				5B93FFDE2B5C33BE00527C63 /* FirebaseAnalytics in Frameworks */,
				5B93FFE02B5C33BE00527C63 /* FirebaseAuth in Frameworks */,
				5B93FFE22B5C33BE00527C63 /* FirebaseFirestoreSwift in Frameworks */,
				5B93FFEA2B5C33BE00527C63 /* FirebaseStorage in Frameworks */,
				5B93FFE42B5C33BE00527C63 /* FirebaseFunctions in Frameworks */,
				5B93FFE62B5C33BE00527C63 /* FirebaseInAppMessaging-Beta in Frameworks */,
			);
			runOnlyForDeploymentPostprocessing = 0;
		};
/* End PBXFrameworksBuildPhase section */

/* Begin PBXGroup section */
		5B93FFC02B5C2C9C00527C63 = {
			isa = PBXGroup;
			children = (
				5B93FFCB2B5C2C9C00527C63 /* Mesaj */,
				5B93FFCA2B5C2C9C00527C63 /* Products */,
			);
			sourceTree = "<group>";
		};
		5B93FFCA2B5C2C9C00527C63 /* Products */ = {
			isa = PBXGroup;
			children = (
				5B93FFC92B5C2C9C00527C63 /* Mesaj.app */,
			);
			name = Products;
			sourceTree = "<group>";
		};
		5B93FFCB2B5C2C9C00527C63 /* Mesaj */ = {
			isa = PBXGroup;
			children = (
				5B93FFEB2B5C387600527C63 /* Views */,
				5B93FFDA2B5C309800527C63 /* GoogleService-Info.plist */,
				5B93FFCC2B5C2C9C00527C63 /* MesajApp.swift */,
				5B93FFCE2B5C2C9C00527C63 /* ContentView.swift */,
				5B93FFD02B5C2C9E00527C63 /* Assets.xcassets */,
				5B93FFD22B5C2C9E00527C63 /* Preview Content */,
			);
			path = Mesaj;
			sourceTree = "<group>";
		};
		5B93FFD22B5C2C9E00527C63 /* Preview Content */ = {
			isa = PBXGroup;
			children = (
				5B93FFD32B5C2C9E00527C63 /* Preview Assets.xcassets */,
			);
			path = "Preview Content";
			sourceTree = "<group>";
		};
		5B93FFEB2B5C387600527C63 /* Views */ = {
			isa = PBXGroup;
			children = (
				5B93FFEC2B5C387C00527C63 /* Auth */,
			);
			path = Views;
			sourceTree = "<group>";
		};
		5B93FFEC2B5C387C00527C63 /* Auth */ = {
			isa = PBXGroup;
			children = (
				5B93FFEF2B5C49A900527C63 /* Views */,
				5B93FFF42B5C49FD00527C63 /* AuthPresenter.swift */,
				5B93FFF62B5C4A1D00527C63 /* AuthInteractor.swift */,
				5B93FFF82B5C4A3900527C63 /* AuthRouter.swift */,
			);
			path = Auth;
			sourceTree = "<group>";
		};
		5B93FFEF2B5C49A900527C63 /* Views */ = {
			isa = PBXGroup;
			children = (
				5B93FFF02B5C49BA00527C63 /* RegisterView.swift */,
				5B93FFF22B5C49DB00527C63 /* LoginView.swift */,
			);
			path = Views;
			sourceTree = "<group>";
		};
/* End PBXGroup section */

/* Begin PBXNativeTarget section */
		5B93FFC82B5C2C9C00527C63 /* Mesaj */ = {
			isa = PBXNativeTarget;
			buildConfigurationList = 5B93FFD72B5C2C9E00527C63 /* Build configuration list for PBXNativeTarget "Mesaj" */;
			buildPhases = (
				5B93FFC52B5C2C9C00527C63 /* Sources */,
				5B93FFC62B5C2C9C00527C63 /* Frameworks */,
				5B93FFC72B5C2C9C00527C63 /* Resources */,
			);
			buildRules = (
			);
			dependencies = (
			);
			name = Mesaj;
			packageProductDependencies = (
				5B93FFDD2B5C33BE00527C63 /* FirebaseAnalytics */,
				5B93FFDF2B5C33BE00527C63 /* FirebaseAuth */,
				5B93FFE12B5C33BE00527C63 /* FirebaseFirestoreSwift */,
				5B93FFE32B5C33BE00527C63 /* FirebaseFunctions */,
				5B93FFE52B5C33BE00527C63 /* FirebaseInAppMessaging-Beta */,
				5B93FFE72B5C33BE00527C63 /* FirebaseMessaging */,
				5B93FFE92B5C33BE00527C63 /* FirebaseStorage */,
			);
			productName = Mesaj;
			productReference = 5B93FFC92B5C2C9C00527C63 /* Mesaj.app */;
			productType = "com.apple.product-type.application";
		};
/* End PBXNativeTarget section */

/* Begin PBXProject section */
		5B93FFC12B5C2C9C00527C63 /* Project object */ = {
			isa = PBXProject;
			attributes = {
				BuildIndependentTargetsInParallel = 1;
				LastSwiftUpdateCheck = 1430;
				LastUpgradeCheck = 1430;
				TargetAttributes = {
					5B93FFC82B5C2C9C00527C63 = {
						CreatedOnToolsVersion = 14.3.1;
					};
				};
			};
			buildConfigurationList = 5B93FFC42B5C2C9C00527C63 /* Build configuration list for PBXProject "Mesaj" */;
			compatibilityVersion = "Xcode 14.0";
			developmentRegion = en;
			hasScannedForEncodings = 0;
			knownRegions = (
				en,
				Base,
			);
			mainGroup = 5B93FFC02B5C2C9C00527C63;
			packageReferences = (
				5B93FFDC2B5C33BE00527C63 /* XCRemoteSwiftPackageReference "firebase-ios-sdk" */,
			);
			productRefGroup = 5B93FFCA2B5C2C9C00527C63 /* Products */;
			projectDirPath = "";
			projectRoot = "";
			targets = (
				5B93FFC82B5C2C9C00527C63 /* Mesaj */,
			);
		};
/* End PBXProject section */

/* Begin PBXResourcesBuildPhase section */
		5B93FFC72B5C2C9C00527C63 /* Resources */ = {
			isa = PBXResourcesBuildPhase;
			buildActionMask = 2147483647;
			files = (
				5B93FFD42B5C2C9E00527C63 /* Preview Assets.xcassets in Resources */,
				5B93FFD12B5C2C9E00527C63 /* Assets.xcassets in Resources */,
				5B93FFDB2B5C309800527C63 /* GoogleService-Info.plist in Resources */,
			);
			runOnlyForDeploymentPostprocessing = 0;
		};
/* End PBXResourcesBuildPhase section */

/* Begin PBXSourcesBuildPhase section */
		5B93FFC52B5C2C9C00527C63 /* Sources */ = {
			isa = PBXSourcesBuildPhase;
			buildActionMask = 2147483647;
			files = (
				5B93FFF92B5C4A3900527C63 /* AuthRouter.swift in Sources */,
				5B93FFF52B5C49FD00527C63 /* AuthPresenter.swift in Sources */,
				5B93FFF12B5C49BA00527C63 /* RegisterView.swift in Sources */,
				5B93FFF72B5C4A1D00527C63 /* AuthInteractor.swift in Sources */,
				5B93FFCF2B5C2C9C00527C63 /* ContentView.swift in Sources */,
				5B93FFF32B5C49DB00527C63 /* LoginView.swift in Sources */,
				5B93FFCD2B5C2C9C00527C63 /* MesajApp.swift in Sources */,
			);
			runOnlyForDeploymentPostprocessing = 0;
		};
/* End PBXSourcesBuildPhase section */

/* Begin XCBuildConfiguration section */
		5B93FFD52B5C2C9E00527C63 /* Debug */ = {
			isa = XCBuildConfiguration;
			buildSettings = {
				ALWAYS_SEARCH_USER_PATHS = NO;
				CLANG_ANALYZER_NONNULL = YES;
				CLANG_ANALYZER_NUMBER_OBJECT_CONVERSION = YES_AGGRESSIVE;
				CLANG_CXX_LANGUAGE_STANDARD = "gnu++20";
				CLANG_ENABLE_MODULES = YES;
				CLANG_ENABLE_OBJC_ARC = YES;
				CLANG_ENABLE_OBJC_WEAK = YES;
				CLANG_WARN_BLOCK_CAPTURE_AUTORELEASING = YES;
				CLANG_WARN_BOOL_CONVERSION = YES;
				CLANG_WARN_COMMA = YES;
				CLANG_WARN_CONSTANT_CONVERSION = YES;
				CLANG_WARN_DEPRECATED_OBJC_IMPLEMENTATIONS = YES;
				CLANG_WARN_DIRECT_OBJC_ISA_USAGE = YES_ERROR;
				CLANG_WARN_DOCUMENTATION_COMMENTS = YES;
				CLANG_WARN_EMPTY_BODY = YES;
				CLANG_WARN_ENUM_CONVERSION = YES;
				CLANG_WARN_INFINITE_RECURSION = YES;
				CLANG_WARN_INT_CONVERSION = YES;
				CLANG_WARN_NON_LITERAL_NULL_CONVERSION = YES;
				CLANG_WARN_OBJC_IMPLICIT_RETAIN_SELF = YES;
				CLANG_WARN_OBJC_LITERAL_CONVERSION = YES;
				CLANG_WARN_OBJC_ROOT_CLASS = YES_ERROR;
				CLANG_WARN_QUOTED_INCLUDE_IN_FRAMEWORK_HEADER = YES;
				CLANG_WARN_RANGE_LOOP_ANALYSIS = YES;
				CLANG_WARN_STRICT_PROTOTYPES = YES;
				CLANG_WARN_SUSPICIOUS_MOVE = YES;
				CLANG_WARN_UNGUARDED_AVAILABILITY = YES_AGGRESSIVE;
				CLANG_WARN_UNREACHABLE_CODE = YES;
				CLANG_WARN__DUPLICATE_METHOD_MATCH = YES;
				COPY_PHASE_STRIP = NO;
				DEBUG_INFORMATION_FORMAT = dwarf;
				ENABLE_STRICT_OBJC_MSGSEND = YES;
				ENABLE_TESTABILITY = YES;
				GCC_C_LANGUAGE_STANDARD = gnu11;
				GCC_DYNAMIC_NO_PIC = NO;
				GCC_NO_COMMON_BLOCKS = YES;
				GCC_OPTIMIZATION_LEVEL = 0;
				GCC_PREPROCESSOR_DEFINITIONS = (
					"DEBUG=1",
					"$(inherited)",
				);
				GCC_WARN_64_TO_32_BIT_CONVERSION = YES;
				GCC_WARN_ABOUT_RETURN_TYPE = YES_ERROR;
				GCC_WARN_UNDECLARED_SELECTOR = YES;
				GCC_WARN_UNINITIALIZED_AUTOS = YES_AGGRESSIVE;
				GCC_WARN_UNUSED_FUNCTION = YES;
				GCC_WARN_UNUSED_VARIABLE = YES;
				IPHONEOS_DEPLOYMENT_TARGET = 16.4;
				MTL_ENABLE_DEBUG_INFO = INCLUDE_SOURCE;
				MTL_FAST_MATH = YES;
				ONLY_ACTIVE_ARCH = YES;
				SDKROOT = iphoneos;
				SWIFT_ACTIVE_COMPILATION_CONDITIONS = DEBUG;
				SWIFT_OPTIMIZATION_LEVEL = "-Onone";
			};
			name = Debug;
		};
		5B93FFD62B5C2C9E00527C63 /* Release */ = {
			isa = XCBuildConfiguration;
			buildSettings = {
				ALWAYS_SEARCH_USER_PATHS = NO;
				CLANG_ANALYZER_NONNULL = YES;
				CLANG_ANALYZER_NUMBER_OBJECT_CONVERSION = YES_AGGRESSIVE;
				CLANG_CXX_LANGUAGE_STANDARD = "gnu++20";
				CLANG_ENABLE_MODULES = YES;
				CLANG_ENABLE_OBJC_ARC = YES;
				CLANG_ENABLE_OBJC_WEAK = YES;
				CLANG_WARN_BLOCK_CAPTURE_AUTORELEASING = YES;
				CLANG_WARN_BOOL_CONVERSION = YES;
				CLANG_WARN_COMMA = YES;
				CLANG_WARN_CONSTANT_CONVERSION = YES;
				CLANG_WARN_DEPRECATED_OBJC_IMPLEMENTATIONS = YES;
				CLANG_WARN_DIRECT_OBJC_ISA_USAGE = YES_ERROR;
				CLANG_WARN_DOCUMENTATION_COMMENTS = YES;
				CLANG_WARN_EMPTY_BODY = YES;
				CLANG_WARN_ENUM_CONVERSION = YES;
				CLANG_WARN_INFINITE_RECURSION = YES;
				CLANG_WARN_INT_CONVERSION = YES;
				CLANG_WARN_NON_LITERAL_NULL_CONVERSION = YES;
				CLANG_WARN_OBJC_IMPLICIT_RETAIN_SELF = YES;
				CLANG_WARN_OBJC_LITERAL_CONVERSION = YES;
				CLANG_WARN_OBJC_ROOT_CLASS = YES_ERROR;
				CLANG_WARN_QUOTED_INCLUDE_IN_FRAMEWORK_HEADER = YES;
				CLANG_WARN_RANGE_LOOP_ANALYSIS = YES;
				CLANG_WARN_STRICT_PROTOTYPES = YES;
				CLANG_WARN_SUSPICIOUS_MOVE = YES;
				CLANG_WARN_UNGUARDED_AVAILABILITY = YES_AGGRESSIVE;
				CLANG_WARN_UNREACHABLE_CODE = YES;
				CLANG_WARN__DUPLICATE_METHOD_MATCH = YES;
				COPY_PHASE_STRIP = NO;
				DEBUG_INFORMATION_FORMAT = "dwarf-with-dsym";
				ENABLE_NS_ASSERTIONS = NO;
				ENABLE_STRICT_OBJC_MSGSEND = YES;
				GCC_C_LANGUAGE_STANDARD = gnu11;
				GCC_NO_COMMON_BLOCKS = YES;
				GCC_WARN_64_TO_32_BIT_CONVERSION = YES;
				GCC_WARN_ABOUT_RETURN_TYPE = YES_ERROR;
				GCC_WARN_UNDECLARED_SELECTOR = YES;
				GCC_WARN_UNINITIALIZED_AUTOS = YES_AGGRESSIVE;
				GCC_WARN_UNUSED_FUNCTION = YES;
				GCC_WARN_UNUSED_VARIABLE = YES;
				IPHONEOS_DEPLOYMENT_TARGET = 16.4;
				MTL_ENABLE_DEBUG_INFO = NO;
				MTL_FAST_MATH = YES;
				SDKROOT = iphoneos;
				SWIFT_COMPILATION_MODE = wholemodule;
				SWIFT_OPTIMIZATION_LEVEL = "-O";
				VALIDATE_PRODUCT = YES;
			};
			name = Release;
		};
		5B93FFD82B5C2C9E00527C63 /* Debug */ = {
			isa = XCBuildConfiguration;
			buildSettings = {
				ASSETCATALOG_COMPILER_APPICON_NAME = AppIcon;
				ASSETCATALOG_COMPILER_GLOBAL_ACCENT_COLOR_NAME = AccentColor;
				CODE_SIGN_STYLE = Automatic;
				CURRENT_PROJECT_VERSION = 1;
				DEVELOPMENT_ASSET_PATHS = "\"Mesaj/Preview Content\"";
				DEVELOPMENT_TEAM = 4SJ82Z4WX2;
				ENABLE_PREVIEWS = YES;
				GENERATE_INFOPLIST_FILE = YES;
				INFOPLIST_KEY_UIApplicationSceneManifest_Generation = YES;
				INFOPLIST_KEY_UIApplicationSupportsIndirectInputEvents = YES;
				INFOPLIST_KEY_UILaunchScreen_Generation = YES;
				INFOPLIST_KEY_UISupportedInterfaceOrientations_iPad = "UIInterfaceOrientationPortrait UIInterfaceOrientationPortraitUpsideDown UIInterfaceOrientationLandscapeLeft UIInterfaceOrientationLandscapeRight";
				INFOPLIST_KEY_UISupportedInterfaceOrientations_iPhone = "UIInterfaceOrientationPortrait UIInterfaceOrientationLandscapeLeft UIInterfaceOrientationLandscapeRight";
				LD_RUNPATH_SEARCH_PATHS = (
					"$(inherited)",
					"@executable_path/Frameworks",
				);
				MARKETING_VERSION = 1.0;
				PRODUCT_BUNDLE_IDENTIFIER = com.brtyvz.Mesaj;
				PRODUCT_NAME = "$(TARGET_NAME)";
				SWIFT_EMIT_LOC_STRINGS = YES;
				SWIFT_VERSION = 5.0;
				TARGETED_DEVICE_FAMILY = "1,2";
			};
			name = Debug;
		};
		5B93FFD92B5C2C9E00527C63 /* Release */ = {
			isa = XCBuildConfiguration;
			buildSettings = {
				ASSETCATALOG_COMPILER_APPICON_NAME = AppIcon;
				ASSETCATALOG_COMPILER_GLOBAL_ACCENT_COLOR_NAME = AccentColor;
				CODE_SIGN_STYLE = Automatic;
				CURRENT_PROJECT_VERSION = 1;
				DEVELOPMENT_ASSET_PATHS = "\"Mesaj/Preview Content\"";
				DEVELOPMENT_TEAM = 4SJ82Z4WX2;
				ENABLE_PREVIEWS = YES;
				GENERATE_INFOPLIST_FILE = YES;
				INFOPLIST_KEY_UIApplicationSceneManifest_Generation = YES;
				INFOPLIST_KEY_UIApplicationSupportsIndirectInputEvents = YES;
				INFOPLIST_KEY_UILaunchScreen_Generation = YES;
				INFOPLIST_KEY_UISupportedInterfaceOrientations_iPad = "UIInterfaceOrientationPortrait UIInterfaceOrientationPortraitUpsideDown UIInterfaceOrientationLandscapeLeft UIInterfaceOrientationLandscapeRight";
				INFOPLIST_KEY_UISupportedInterfaceOrientations_iPhone = "UIInterfaceOrientationPortrait UIInterfaceOrientationLandscapeLeft UIInterfaceOrientationLandscapeRight";
				LD_RUNPATH_SEARCH_PATHS = (
					"$(inherited)",
					"@executable_path/Frameworks",
				);
				MARKETING_VERSION = 1.0;
				PRODUCT_BUNDLE_IDENTIFIER = com.brtyvz.Mesaj;
				PRODUCT_NAME = "$(TARGET_NAME)";
				SWIFT_EMIT_LOC_STRINGS = YES;
				SWIFT_VERSION = 5.0;
				TARGETED_DEVICE_FAMILY = "1,2";
			};
			name = Release;
		};
/* End XCBuildConfiguration section */

/* Begin XCConfigurationList section */
		5B93FFC42B5C2C9C00527C63 /* Build configuration list for PBXProject "Mesaj" */ = {
			isa = XCConfigurationList;
			buildConfigurations = (
				5B93FFD52B5C2C9E00527C63 /* Debug */,
				5B93FFD62B5C2C9E00527C63 /* Release */,
			);
			defaultConfigurationIsVisible = 0;
			defaultConfigurationName = Release;
		};
		5B93FFD72B5C2C9E00527C63 /* Build configuration list for PBXNativeTarget "Mesaj" */ = {
			isa = XCConfigurationList;
			buildConfigurations = (
				5B93FFD82B5C2C9E00527C63 /* Debug */,
				5B93FFD92B5C2C9E00527C63 /* Release */,
			);
			defaultConfigurationIsVisible = 0;
			defaultConfigurationName = Release;
		};
/* End XCConfigurationList section */

/* Begin XCRemoteSwiftPackageReference section */
		5B93FFDC2B5C33BE00527C63 /* XCRemoteSwiftPackageReference "firebase-ios-sdk" */ = {
			isa = XCRemoteSwiftPackageReference;
			repositoryURL = "https://github.com/firebase/firebase-ios-sdk";
			requirement = {
				kind = upToNextMajorVersion;
				minimumVersion = 10.0.0;
			};
		};
/* End XCRemoteSwiftPackageReference section */

/* Begin XCSwiftPackageProductDependency section */
		5B93FFDD2B5C33BE00527C63 /* FirebaseAnalytics */ = {
			isa = XCSwiftPackageProductDependency;
			package = 5B93FFDC2B5C33BE00527C63 /* XCRemoteSwiftPackageReference "firebase-ios-sdk" */;
			productName = FirebaseAnalytics;
		};
		5B93FFDF2B5C33BE00527C63 /* FirebaseAuth */ = {
			isa = XCSwiftPackageProductDependency;
			package = 5B93FFDC2B5C33BE00527C63 /* XCRemoteSwiftPackageReference "firebase-ios-sdk" */;
			productName = FirebaseAuth;
		};
		5B93FFE12B5C33BE00527C63 /* FirebaseFirestoreSwift */ = {
			isa = XCSwiftPackageProductDependency;
			package = 5B93FFDC2B5C33BE00527C63 /* XCRemoteSwiftPackageReference "firebase-ios-sdk" */;
			productName = FirebaseFirestoreSwift;
		};
		5B93FFE32B5C33BE00527C63 /* FirebaseFunctions */ = {
			isa = XCSwiftPackageProductDependency;
			package = 5B93FFDC2B5C33BE00527C63 /* XCRemoteSwiftPackageReference "firebase-ios-sdk" */;
			productName = FirebaseFunctions;
		};
		5B93FFE52B5C33BE00527C63 /* FirebaseInAppMessaging-Beta */ = {
			isa = XCSwiftPackageProductDependency;
			package = 5B93FFDC2B5C33BE00527C63 /* XCRemoteSwiftPackageReference "firebase-ios-sdk" */;
			productName = "FirebaseInAppMessaging-Beta";
		};
		5B93FFE72B5C33BE00527C63 /* FirebaseMessaging */ = {
			isa = XCSwiftPackageProductDependency;
			package = 5B93FFDC2B5C33BE00527C63 /* XCRemoteSwiftPackageReference "firebase-ios-sdk" */;
			productName = FirebaseMessaging;
		};
		5B93FFE92B5C33BE00527C63 /* FirebaseStorage */ = {
			isa = XCSwiftPackageProductDependency;
			package = 5B93FFDC2B5C33BE00527C63 /* XCRemoteSwiftPackageReference "firebase-ios-sdk" */;
			productName = FirebaseStorage;
		};
/* End XCSwiftPackageProductDependency section */
	};
	rootObject = 5B93FFC12B5C2C9C00527C63 /* Project object */;
}
